
Microsoft Visual Studio Solution File, Format Version 12.00
# Visual Studio Version 16
VisualStudioVersion = 16.0.30717.126
MinimumVisualStudioVersion = 10.0.40219.1
Project("{9A19103F-16F7-4668-BE54-9A1E7A4F7556}") = "Sinlist.Api", "Sinlist.Api\Sinlist.Api.csproj", "{730217E9-5E6A-42C2-8204-9E6512FCC829}"
EndProject
Project("{9A19103F-16F7-4668-BE54-9A1E7A4F7556}") = "Sinlist.Core", "Sinlist.Core\Sinlist.Core.csproj", "{68CBF5CA-54E2-44A6-840B-C7326DB57B1E}"
EndProject
Project("{9A19103F-16F7-4668-BE54-9A1E7A4F7556}") = "Sinlist.Shared", "Sinlist.Shared\Sinlist.Shared.csproj", "{6C25B44E-A498-401C-ADE9-723CD428DF10}"
EndProject
Project("{9A19103F-16F7-4668-BE54-9A1E7A4F7556}") = "Sinlist.Tower", "Sinlist.Tower\Sinlist.Tower.csproj", "{25BA0553-9BE1-4D4A-8390-CF81112A72BE}"
EndProject
Global
	GlobalSection(SolutionConfigurationPlatforms) = preSolution
		Debug|Any CPU = Debug|Any CPU
		Release|Any CPU = Release|Any CPU
	EndGlobalSection
	GlobalSection(ProjectConfigurationPlatforms) = postSolution
		{730217E9-5E6A-42C2-8204-9E6512FCC829}.Debug|Any CPU.ActiveCfg = Debug|Any CPU
		{730217E9-5E6A-42C2-8204-9E6512FCC829}.Debug|Any CPU.Build.0 = Debug|Any CPU
		{730217E9-5E6A-42C2-8204-9E6512FCC829}.Release|Any CPU.ActiveCfg = Release|Any CPU
		{730217E9-5E6A-42C2-8204-9E6512FCC829}.Release|Any CPU.Build.0 = Release|Any CPU
		{68CBF5CA-54E2-44A6-840B-C7326DB57B1E}.Debug|Any CPU.ActiveCfg = Debug|Any CPU
		{68CBF5CA-54E2-44A6-840B-C7326DB57B1E}.Debug|Any CPU.Build.0 = Debug|Any CPU
		{68CBF5CA-54E2-44A6-840B-C7326DB57B1E}.Release|Any CPU.ActiveCfg = Release|Any CPU
		{68CBF5CA-54E2-44A6-840B-C7326DB57B1E}.Release|Any CPU.Build.0 = Release|Any CPU
		{6C25B44E-A498-401C-ADE9-723CD428DF10}.Debug|Any CPU.ActiveCfg = Debug|Any CPU
		{6C25B44E-A498-401C-ADE9-723CD428DF10}.Debug|Any CPU.Build.0 = Debug|Any CPU
		{6C25B44E-A498-401C-ADE9-723CD428DF10}.Release|Any CPU.ActiveCfg = Release|Any CPU
		{6C25B44E-A498-401C-ADE9-723CD428DF10}.Release|Any CPU.Build.0 = Release|Any CPU
		{25BA0553-9BE1-4D4A-8390-CF81112A72BE}.Debug|Any CPU.ActiveCfg = Debug|Any CPU
		{25BA0553-9BE1-4D4A-8390-CF81112A72BE}.Debug|Any CPU.Build.0 = Debug|Any CPU
		{25BA0553-9BE1-4D4A-8390-CF81112A72BE}.Release|Any CPU.ActiveCfg = Release|Any CPU
		{25BA0553-9BE1-4D4A-8390-CF81112A72BE}.Release|Any CPU.Build.0 = Release|Any CPU
	EndGlobalSection
	GlobalSection(SolutionProperties) = preSolution
		HideSolutionNode = FALSE
	EndGlobalSection
	GlobalSection(ExtensibilityGlobals) = postSolution
		SolutionGuid = {266CED95-7E8F-4E6A-B413-80AEF892659B}
	EndGlobalSection
EndGlobal
